
Microsoft Visual Studio Solution File, Format Version 12.00
# Visual Studio 14
VisualStudioVersion = 14.0.25420.1
MinimumVisualStudioVersion = 10.0.40219.1
Project("{FAE04EC0-301F-11D3-BF4B-00C04F79EFBC}") = "MspRoadShowMobileApp", "MspRoadShowMobileApp\MspRoadShowMobileApp\MspRoadShowMobileApp.csproj", "{4A014E1F-C815-436C-8F2B-5FE26036CFE7}"
EndProject
Project("{FAE04EC0-301F-11D3-BF4B-00C04F79EFBC}") = "MspRoadShowMobileApp.Droid", "MspRoadShowMobileApp\MspRoadShowMobileApp.Droid\MspRoadShowMobileApp.Droid.csproj", "{73D53A57-F31D-4DBA-972C-87BFFDC62E33}"
EndProject
Project("{FAE04EC0-301F-11D3-BF4B-00C04F79EFBC}") = "MspRoadShowMobileApp.iOS", "MspRoadShowMobileApp\MspRoadShowMobileApp.iOS\MspRoadShowMobileApp.iOS.csproj", "{5A539F77-DF9C-4BB2-8FF7-BE2EF89EEC14}"
EndProject
Project("{FAE04EC0-301F-11D3-BF4B-00C04F79EFBC}") = "MspRoadShowMobileApp.WinPhone", "MspRoadShowMobileApp\MspRoadShowMobileApp.WinPhone\MspRoadShowMobileApp.WinPhone.csproj", "{E8AD388B-B3A4-4A07-B58E-9AE806F8A729}"
EndProject
Project("{FAE04EC0-301F-11D3-BF4B-00C04F79EFBC}") = "MspRoadShowMobileApp.UWP", "MspRoadShowMobileApp\MspRoadShowMobileApp.UWP\MspRoadShowMobileApp.UWP.csproj", "{BD89DB6C-C50E-40CA-BC38-053D5DFC905F}"
EndProject
Project("{FAE04EC0-301F-11D3-BF4B-00C04F79EFBC}") = "MspRoadShowMobileApp.Windows", "MspRoadShowMobileApp\MspRoadShowMobileApp.Windows\MspRoadShowMobileApp.Windows.csproj", "{3D016FAD-C76C-4E7F-9FC7-58DBD0415AAF}"
EndProject
Global
	GlobalSection(SolutionConfigurationPlatforms) = preSolution
		Ad-Hoc|Any CPU = Ad-Hoc|Any CPU
		Ad-Hoc|ARM = Ad-Hoc|ARM
		Ad-Hoc|iPhone = Ad-Hoc|iPhone
		Ad-Hoc|iPhoneSimulator = Ad-Hoc|iPhoneSimulator
		Ad-Hoc|x64 = Ad-Hoc|x64
		Ad-Hoc|x86 = Ad-Hoc|x86
		AppStore|Any CPU = AppStore|Any CPU
		AppStore|ARM = AppStore|ARM
		AppStore|iPhone = AppStore|iPhone
		AppStore|iPhoneSimulator = AppStore|iPhoneSimulator
		AppStore|x64 = AppStore|x64
		AppStore|x86 = AppStore|x86
		Debug|Any CPU = Debug|Any CPU
		Debug|ARM = Debug|ARM
		Debug|iPhone = Debug|iPhone
		Debug|iPhoneSimulator = Debug|iPhoneSimulator
		Debug|x64 = Debug|x64
		Debug|x86 = Debug|x86
		Release|Any CPU = Release|Any CPU
		Release|ARM = Release|ARM
		Release|iPhone = Release|iPhone
		Release|iPhoneSimulator = Release|iPhoneSimulator
		Release|x64 = Release|x64
		Release|x86 = Release|x86
	EndGlobalSection
	GlobalSection(ProjectConfigurationPlatforms) = postSolution
		{4A014E1F-C815-436C-8F2B-5FE26036CFE7}.Ad-Hoc|Any CPU.ActiveCfg = Release|Any CPU
		{4A014E1F-C815-436C-8F2B-5FE26036CFE7}.Ad-Hoc|Any CPU.Build.0 = Release|Any CPU
		{4A014E1F-C815-436C-8F2B-5FE26036CFE7}.Ad-Hoc|ARM.ActiveCfg = Release|Any CPU
		{4A014E1F-C815-436C-8F2B-5FE26036CFE7}.Ad-Hoc|ARM.Build.0 = Release|Any CPU
		{4A014E1F-C815-436C-8F2B-5FE26036CFE7}.Ad-Hoc|iPhone.ActiveCfg = Release|Any CPU
		{4A014E1F-C815-436C-8F2B-5FE26036CFE7}.Ad-Hoc|iPhone.Build.0 = Release|Any CPU
		{4A014E1F-C815-436C-8F2B-5FE26036CFE7}.Ad-Hoc|iPhoneSimulator.ActiveCfg = Release|Any CPU
		{4A014E1F-C815-436C-8F2B-5FE26036CFE7}.Ad-Hoc|iPhoneSimulator.Build.0 = Release|Any CPU
		{4A014E1F-C815-436C-8F2B-5FE26036CFE7}.Ad-Hoc|x64.ActiveCfg = Release|Any CPU
		{4A014E1F-C815-436C-8F2B-5FE26036CFE7}.Ad-Hoc|x64.Build.0 = Release|Any CPU
		{4A014E1F-C815-436C-8F2B-5FE26036CFE7}.Ad-Hoc|x86.ActiveCfg = Release|Any CPU
		{4A014E1F-C815-436C-8F2B-5FE26036CFE7}.Ad-Hoc|x86.Build.0 = Release|Any CPU
		{4A014E1F-C815-436C-8F2B-5FE26036CFE7}.AppStore|Any CPU.ActiveCfg = Release|Any CPU
		{4A014E1F-C815-436C-8F2B-5FE26036CFE7}.AppStore|Any CPU.Build.0 = Release|Any CPU
		{4A014E1F-C815-436C-8F2B-5FE26036CFE7}.AppStore|ARM.ActiveCfg = Release|Any CPU
		{4A014E1F-C815-436C-8F2B-5FE26036CFE7}.AppStore|ARM.Build.0 = Release|Any CPU
		{4A014E1F-C815-436C-8F2B-5FE26036CFE7}.AppStore|iPhone.ActiveCfg = Release|Any CPU
		{4A014E1F-C815-436C-8F2B-5FE26036CFE7}.AppStore|iPhone.Build.0 = Release|Any CPU
		{4A014E1F-C815-436C-8F2B-5FE26036CFE7}.AppStore|iPhoneSimulator.ActiveCfg = Release|Any CPU
		{4A014E1F-C815-436C-8F2B-5FE26036CFE7}.AppStore|iPhoneSimulator.Build.0 = Release|Any CPU
		{4A014E1F-C815-436C-8F2B-5FE26036CFE7}.AppStore|x64.ActiveCfg = Release|Any CPU
		{4A014E1F-C815-436C-8F2B-5FE26036CFE7}.AppStore|x64.Build.0 = Release|Any CPU
		{4A014E1F-C815-436C-8F2B-5FE26036CFE7}.AppStore|x86.ActiveCfg = Release|Any CPU
		{4A014E1F-C815-436C-8F2B-5FE26036CFE7}.AppStore|x86.Build.0 = Release|Any CPU
		{4A014E1F-C815-436C-8F2B-5FE26036CFE7}.Debug|Any CPU.ActiveCfg = Debug|Any CPU
		{4A014E1F-C815-436C-8F2B-5FE26036CFE7}.Debug|Any CPU.Build.0 = Debug|Any CPU
		{4A014E1F-C815-436C-8F2B-5FE26036CFE7}.Debug|ARM.ActiveCfg = Debug|Any CPU
		{4A014E1F-C815-436C-8F2B-5FE26036CFE7}.Debug|ARM.Build.0 = Debug|Any CPU
		{4A014E1F-C815-436C-8F2B-5FE26036CFE7}.Debug|iPhone.ActiveCfg = Debug|Any CPU
		{4A014E1F-C815-436C-8F2B-5FE26036CFE7}.Debug|iPhone.Build.0 = Debug|Any CPU
		{4A014E1F-C815-436C-8F2B-5FE26036CFE7}.Debug|iPhoneSimulator.ActiveCfg = Debug|Any CPU
		{4A014E1F-C815-436C-8F2B-5FE26036CFE7}.Debug|iPhoneSimulator.Build.0 = Debug|Any CPU
		{4A014E1F-C815-436C-8F2B-5FE26036CFE7}.Debug|x64.ActiveCfg = Debug|Any CPU
		{4A014E1F-C815-436C-8F2B-5FE26036CFE7}.Debug|x64.Build.0 = Debug|Any CPU
		{4A014E1F-C815-436C-8F2B-5FE26036CFE7}.Debug|x86.ActiveCfg = Debug|Any CPU
		{4A014E1F-C815-436C-8F2B-5FE26036CFE7}.Debug|x86.Build.0 = Debug|Any CPU
		{4A014E1F-C815-436C-8F2B-5FE26036CFE7}.Release|Any CPU.ActiveCfg = Release|Any CPU
		{4A014E1F-C815-436C-8F2B-5FE26036CFE7}.Release|Any CPU.Build.0 = Release|Any CPU
		{4A014E1F-C815-436C-8F2B-5FE26036CFE7}.Release|ARM.ActiveCfg = Release|Any CPU
		{4A014E1F-C815-436C-8F2B-5FE26036CFE7}.Release|ARM.Build.0 = Release|Any CPU
		{4A014E1F-C815-436C-8F2B-5FE26036CFE7}.Release|iPhone.ActiveCfg = Release|Any CPU
		{4A014E1F-C815-436C-8F2B-5FE26036CFE7}.Release|iPhone.Build.0 = Release|Any CPU
		{4A014E1F-C815-436C-8F2B-5FE26036CFE7}.Release|iPhoneSimulator.ActiveCfg = Release|Any CPU
		{4A014E1F-C815-436C-8F2B-5FE26036CFE7}.Release|iPhoneSimulator.Build.0 = Release|Any CPU
		{4A014E1F-C815-436C-8F2B-5FE26036CFE7}.Release|x64.ActiveCfg = Release|Any CPU
		{4A014E1F-C815-436C-8F2B-5FE26036CFE7}.Release|x64.Build.0 = Release|Any CPU
		{4A014E1F-C815-436C-8F2B-5FE26036CFE7}.Release|x86.ActiveCfg = Release|Any CPU
		{4A014E1F-C815-436C-8F2B-5FE26036CFE7}.Release|x86.Build.0 = Release|Any CPU
		{73D53A57-F31D-4DBA-972C-87BFFDC62E33}.Ad-Hoc|Any CPU.ActiveCfg = Release|Any CPU
		{73D53A57-F31D-4DBA-972C-87BFFDC62E33}.Ad-Hoc|Any CPU.Build.0 = Release|Any CPU
		{73D53A57-F31D-4DBA-972C-87BFFDC62E33}.Ad-Hoc|Any CPU.Deploy.0 = Release|Any CPU
		{73D53A57-F31D-4DBA-972C-87BFFDC62E33}.Ad-Hoc|ARM.ActiveCfg = Release|Any CPU
		{73D53A57-F31D-4DBA-972C-87BFFDC62E33}.Ad-Hoc|ARM.Build.0 = Release|Any CPU
		{73D53A57-F31D-4DBA-972C-87BFFDC62E33}.Ad-Hoc|ARM.Deploy.0 = Release|Any CPU
		{73D53A57-F31D-4DBA-972C-87BFFDC62E33}.Ad-Hoc|iPhone.ActiveCfg = Release|Any CPU
		{73D53A57-F31D-4DBA-972C-87BFFDC62E33}.Ad-Hoc|iPhone.Build.0 = Release|Any CPU
		{73D53A57-F31D-4DBA-972C-87BFFDC62E33}.Ad-Hoc|iPhone.Deploy.0 = Release|Any CPU
		{73D53A57-F31D-4DBA-972C-87BFFDC62E33}.Ad-Hoc|iPhoneSimulator.ActiveCfg = Release|Any CPU
		{73D53A57-F31D-4DBA-972C-87BFFDC62E33}.Ad-Hoc|iPhoneSimulator.Build.0 = Release|Any CPU
		{73D53A57-F31D-4DBA-972C-87BFFDC62E33}.Ad-Hoc|iPhoneSimulator.Deploy.0 = Release|Any CPU
		{73D53A57-F31D-4DBA-972C-87BFFDC62E33}.Ad-Hoc|x64.ActiveCfg = Release|Any CPU
		{73D53A57-F31D-4DBA-972C-87BFFDC62E33}.Ad-Hoc|x64.Build.0 = Release|Any CPU
		{73D53A57-F31D-4DBA-972C-87BFFDC62E33}.Ad-Hoc|x64.Deploy.0 = Release|Any CPU
		{73D53A57-F31D-4DBA-972C-87BFFDC62E33}.Ad-Hoc|x86.ActiveCfg = Release|Any CPU
		{73D53A57-F31D-4DBA-972C-87BFFDC62E33}.Ad-Hoc|x86.Build.0 = Release|Any CPU
		{73D53A57-F31D-4DBA-972C-87BFFDC62E33}.Ad-Hoc|x86.Deploy.0 = Release|Any CPU
		{73D53A57-F31D-4DBA-972C-87BFFDC62E33}.AppStore|Any CPU.ActiveCfg = Release|Any CPU
		{73D53A57-F31D-4DBA-972C-87BFFDC62E33}.AppStore|Any CPU.Build.0 = Release|Any CPU
		{73D53A57-F31D-4DBA-972C-87BFFDC62E33}.AppStore|Any CPU.Deploy.0 = Release|Any CPU
		{73D53A57-F31D-4DBA-972C-87BFFDC62E33}.AppStore|ARM.ActiveCfg = Release|Any CPU
		{73D53A57-F31D-4DBA-972C-87BFFDC62E33}.AppStore|ARM.Build.0 = Release|Any CPU
		{73D53A57-F31D-4DBA-972C-87BFFDC62E33}.AppStore|ARM.Deploy.0 = Release|Any CPU
		{73D53A57-F31D-4DBA-972C-87BFFDC62E33}.AppStore|iPhone.ActiveCfg = Release|Any CPU
		{73D53A57-F31D-4DBA-972C-87BFFDC62E33}.AppStore|iPhone.Build.0 = Release|Any CPU
		{73D53A57-F31D-4DBA-972C-87BFFDC62E33}.AppStore|iPhone.Deploy.0 = Release|Any CPU
		{73D53A57-F31D-4DBA-972C-87BFFDC62E33}.AppStore|iPhoneSimulator.ActiveCfg = Release|Any CPU
		{73D53A57-F31D-4DBA-972C-87BFFDC62E33}.AppStore|iPhoneSimulator.Build.0 = Release|Any CPU
		{73D53A57-F31D-4DBA-972C-87BFFDC62E33}.AppStore|iPhoneSimulator.Deploy.0 = Release|Any CPU
		{73D53A57-F31D-4DBA-972C-87BFFDC62E33}.AppStore|x64.ActiveCfg = Release|Any CPU
		{73D53A57-F31D-4DBA-972C-87BFFDC62E33}.AppStore|x64.Build.0 = Release|Any CPU
		{73D53A57-F31D-4DBA-972C-87BFFDC62E33}.AppStore|x64.Deploy.0 = Release|Any CPU
		{73D53A57-F31D-4DBA-972C-87BFFDC62E33}.AppStore|x86.ActiveCfg = Release|Any CPU
		{73D53A57-F31D-4DBA-972C-87BFFDC62E33}.AppStore|x86.Build.0 = Release|Any CPU
		{73D53A57-F31D-4DBA-972C-87BFFDC62E33}.AppStore|x86.Deploy.0 = Release|Any CPU
		{73D53A57-F31D-4DBA-972C-87BFFDC62E33}.Debug|Any CPU.ActiveCfg = Debug|Any CPU
		{73D53A57-F31D-4DBA-972C-87BFFDC62E33}.Debug|Any CPU.Build.0 = Debug|Any CPU
		{73D53A57-F31D-4DBA-972C-87BFFDC62E33}.Debug|Any CPU.Deploy.0 = Debug|Any CPU
		{73D53A57-F31D-4DBA-972C-87BFFDC62E33}.Debug|ARM.ActiveCfg = Debug|Any CPU
		{73D53A57-F31D-4DBA-972C-87BFFDC62E33}.Debug|ARM.Build.0 = Debug|Any CPU
		{73D53A57-F31D-4DBA-972C-87BFFDC62E33}.Debug|ARM.Deploy.0 = Debug|Any CPU
		{73D53A57-F31D-4DBA-972C-87BFFDC62E33}.Debug|iPhone.ActiveCfg = Debug|Any CPU
		{73D53A57-F31D-4DBA-972C-87BFFDC62E33}.Debug|iPhone.Build.0 = Debug|Any CPU
		{73D53A57-F31D-4DBA-972C-87BFFDC62E33}.Debug|iPhone.Deploy.0 = Debug|Any CPU
		{73D53A57-F31D-4DBA-972C-87BFFDC62E33}.Debug|iPhoneSimulator.ActiveCfg = Debug|Any CPU
		{73D53A57-F31D-4DBA-972C-87BFFDC62E33}.Debug|iPhoneSimulator.Build.0 = Debug|Any CPU
		{73D53A57-F31D-4DBA-972C-87BFFDC62E33}.Debug|iPhoneSimulator.Deploy.0 = Debug|Any CPU
		{73D53A57-F31D-4DBA-972C-87BFFDC62E33}.Debug|x64.ActiveCfg = Debug|Any CPU
		{73D53A57-F31D-4DBA-972C-87BFFDC62E33}.Debug|x64.Build.0 = Debug|Any CPU
		{73D53A57-F31D-4DBA-972C-87BFFDC62E33}.Debug|x64.Deploy.0 = Debug|Any CPU
		{73D53A57-F31D-4DBA-972C-87BFFDC62E33}.Debug|x86.ActiveCfg = Debug|Any CPU
		{73D53A57-F31D-4DBA-972C-87BFFDC62E33}.Debug|x86.Build.0 = Debug|Any CPU
		{73D53A57-F31D-4DBA-972C-87BFFDC62E33}.Debug|x86.Deploy.0 = Debug|Any CPU
		{73D53A57-F31D-4DBA-972C-87BFFDC62E33}.Release|Any CPU.ActiveCfg = Release|Any CPU
		{73D53A57-F31D-4DBA-972C-87BFFDC62E33}.Release|Any CPU.Build.0 = Release|Any CPU
		{73D53A57-F31D-4DBA-972C-87BFFDC62E33}.Release|Any CPU.Deploy.0 = Release|Any CPU
		{73D53A57-F31D-4DBA-972C-87BFFDC62E33}.Release|ARM.ActiveCfg = Release|Any CPU
		{73D53A57-F31D-4DBA-972C-87BFFDC62E33}.Release|ARM.Build.0 = Release|Any CPU
		{73D53A57-F31D-4DBA-972C-87BFFDC62E33}.Release|ARM.Deploy.0 = Release|Any CPU
		{73D53A57-F31D-4DBA-972C-87BFFDC62E33}.Release|iPhone.ActiveCfg = Release|Any CPU
		{73D53A57-F31D-4DBA-972C-87BFFDC62E33}.Release|iPhone.Build.0 = Release|Any CPU
		{73D53A57-F31D-4DBA-972C-87BFFDC62E33}.Release|iPhone.Deploy.0 = Release|Any CPU
		{73D53A57-F31D-4DBA-972C-87BFFDC62E33}.Release|iPhoneSimulator.ActiveCfg = Release|Any CPU
		{73D53A57-F31D-4DBA-972C-87BFFDC62E33}.Release|iPhoneSimulator.Build.0 = Release|Any CPU
		{73D53A57-F31D-4DBA-972C-87BFFDC62E33}.Release|iPhoneSimulator.Deploy.0 = Release|Any CPU
		{73D53A57-F31D-4DBA-972C-87BFFDC62E33}.Release|x64.ActiveCfg = Release|Any CPU
		{73D53A57-F31D-4DBA-972C-87BFFDC62E33}.Release|x64.Build.0 = Release|Any CPU
		{73D53A57-F31D-4DBA-972C-87BFFDC62E33}.Release|x64.Deploy.0 = Release|Any CPU
		{73D53A57-F31D-4DBA-972C-87BFFDC62E33}.Release|x86.ActiveCfg = Release|Any CPU
		{73D53A57-F31D-4DBA-972C-87BFFDC62E33}.Release|x86.Build.0 = Release|Any CPU
		{73D53A57-F31D-4DBA-972C-87BFFDC62E33}.Release|x86.Deploy.0 = Release|Any CPU
		{5A539F77-DF9C-4BB2-8FF7-BE2EF89EEC14}.Ad-Hoc|Any CPU.ActiveCfg = Ad-Hoc|iPhone
		{5A539F77-DF9C-4BB2-8FF7-BE2EF89EEC14}.Ad-Hoc|ARM.ActiveCfg = Ad-Hoc|iPhone
		{5A539F77-DF9C-4BB2-8FF7-BE2EF89EEC14}.Ad-Hoc|iPhone.ActiveCfg = Ad-Hoc|iPhone
		{5A539F77-DF9C-4BB2-8FF7-BE2EF89EEC14}.Ad-Hoc|iPhone.Build.0 = Ad-Hoc|iPhone
		{5A539F77-DF9C-4BB2-8FF7-BE2EF89EEC14}.Ad-Hoc|iPhoneSimulator.ActiveCfg = Ad-Hoc|iPhoneSimulator
		{5A539F77-DF9C-4BB2-8FF7-BE2EF89EEC14}.Ad-Hoc|iPhoneSimulator.Build.0 = Ad-Hoc|iPhoneSimulator
		{5A539F77-DF9C-4BB2-8FF7-BE2EF89EEC14}.Ad-Hoc|x64.ActiveCfg = Ad-Hoc|iPhone
		{5A539F77-DF9C-4BB2-8FF7-BE2EF89EEC14}.Ad-Hoc|x86.ActiveCfg = Ad-Hoc|iPhone
		{5A539F77-DF9C-4BB2-8FF7-BE2EF89EEC14}.AppStore|Any CPU.ActiveCfg = AppStore|iPhone
		{5A539F77-DF9C-4BB2-8FF7-BE2EF89EEC14}.AppStore|ARM.ActiveCfg = AppStore|iPhone
		{5A539F77-DF9C-4BB2-8FF7-BE2EF89EEC14}.AppStore|iPhone.ActiveCfg = AppStore|iPhone
		{5A539F77-DF9C-4BB2-8FF7-BE2EF89EEC14}.AppStore|iPhone.Build.0 = AppStore|iPhone
		{5A539F77-DF9C-4BB2-8FF7-BE2EF89EEC14}.AppStore|iPhoneSimulator.ActiveCfg = AppStore|iPhoneSimulator
		{5A539F77-DF9C-4BB2-8FF7-BE2EF89EEC14}.AppStore|iPhoneSimulator.Build.0 = AppStore|iPhoneSimulator
		{5A539F77-DF9C-4BB2-8FF7-BE2EF89EEC14}.AppStore|x64.ActiveCfg = AppStore|iPhone
		{5A539F77-DF9C-4BB2-8FF7-BE2EF89EEC14}.AppStore|x86.ActiveCfg = AppStore|iPhone
		{5A539F77-DF9C-4BB2-8FF7-BE2EF89EEC14}.Debug|Any CPU.ActiveCfg = Debug|iPhone
		{5A539F77-DF9C-4BB2-8FF7-BE2EF89EEC14}.Debug|ARM.ActiveCfg = Debug|iPhone
		{5A539F77-DF9C-4BB2-8FF7-BE2EF89EEC14}.Debug|iPhone.ActiveCfg = Debug|iPhone
		{5A539F77-DF9C-4BB2-8FF7-BE2EF89EEC14}.Debug|iPhone.Build.0 = Debug|iPhone
		{5A539F77-DF9C-4BB2-8FF7-BE2EF89EEC14}.Debug|iPhoneSimulator.ActiveCfg = Debug|iPhoneSimulator
		{5A539F77-DF9C-4BB2-8FF7-BE2EF89EEC14}.Debug|iPhoneSimulator.Build.0 = Debug|iPhoneSimulator
		{5A539F77-DF9C-4BB2-8FF7-BE2EF89EEC14}.Debug|x64.ActiveCfg = Debug|iPhone
		{5A539F77-DF9C-4BB2-8FF7-BE2EF89EEC14}.Debug|x86.ActiveCfg = Debug|iPhone
		{5A539F77-DF9C-4BB2-8FF7-BE2EF89EEC14}.Release|Any CPU.ActiveCfg = Release|iPhone
		{5A539F77-DF9C-4BB2-8FF7-BE2EF89EEC14}.Release|ARM.ActiveCfg = Release|iPhone
		{5A539F77-DF9C-4BB2-8FF7-BE2EF89EEC14}.Release|iPhone.ActiveCfg = Release|iPhone
		{5A539F77-DF9C-4BB2-8FF7-BE2EF89EEC14}.Release|iPhone.Build.0 = Release|iPhone
		{5A539F77-DF9C-4BB2-8FF7-BE2EF89EEC14}.Release|iPhoneSimulator.ActiveCfg = Release|iPhoneSimulator
		{5A539F77-DF9C-4BB2-8FF7-BE2EF89EEC14}.Release|iPhoneSimulator.Build.0 = Release|iPhoneSimulator
		{5A539F77-DF9C-4BB2-8FF7-BE2EF89EEC14}.Release|x64.ActiveCfg = Release|iPhone
		{5A539F77-DF9C-4BB2-8FF7-BE2EF89EEC14}.Release|x86.ActiveCfg = Release|iPhone
		{E8AD388B-B3A4-4A07-B58E-9AE806F8A729}.Ad-Hoc|Any CPU.ActiveCfg = Release|Any CPU
		{E8AD388B-B3A4-4A07-B58E-9AE806F8A729}.Ad-Hoc|Any CPU.Build.0 = Release|Any CPU
		{E8AD388B-B3A4-4A07-B58E-9AE806F8A729}.Ad-Hoc|Any CPU.Deploy.0 = Release|Any CPU
		{E8AD388B-B3A4-4A07-B58E-9AE806F8A729}.Ad-Hoc|ARM.ActiveCfg = Release|ARM
		{E8AD388B-B3A4-4A07-B58E-9AE806F8A729}.Ad-Hoc|ARM.Build.0 = Release|ARM
		{E8AD388B-B3A4-4A07-B58E-9AE806F8A729}.Ad-Hoc|ARM.Deploy.0 = Release|ARM
		{E8AD388B-B3A4-4A07-B58E-9AE806F8A729}.Ad-Hoc|iPhone.ActiveCfg = Release|Any CPU
		{E8AD388B-B3A4-4A07-B58E-9AE806F8A729}.Ad-Hoc|iPhone.Build.0 = Release|Any CPU
		{E8AD388B-B3A4-4A07-B58E-9AE806F8A729}.Ad-Hoc|iPhone.Deploy.0 = Release|Any CPU
		{E8AD388B-B3A4-4A07-B58E-9AE806F8A729}.Ad-Hoc|iPhoneSimulator.ActiveCfg = Release|Any CPU
		{E8AD388B-B3A4-4A07-B58E-9AE806F8A729}.Ad-Hoc|iPhoneSimulator.Build.0 = Release|Any CPU
		{E8AD388B-B3A4-4A07-B58E-9AE806F8A729}.Ad-Hoc|iPhoneSimulator.Deploy.0 = Release|Any CPU
		{E8AD388B-B3A4-4A07-B58E-9AE806F8A729}.Ad-Hoc|x64.ActiveCfg = Release|Any CPU
		{E8AD388B-B3A4-4A07-B58E-9AE806F8A729}.Ad-Hoc|x64.Build.0 = Release|Any CPU
		{E8AD388B-B3A4-4A07-B58E-9AE806F8A729}.Ad-Hoc|x64.Deploy.0 = Release|Any CPU
		{E8AD388B-B3A4-4A07-B58E-9AE806F8A729}.Ad-Hoc|x86.ActiveCfg = Release|x86
		{E8AD388B-B3A4-4A07-B58E-9AE806F8A729}.Ad-Hoc|x86.Build.0 = Release|x86
		{E8AD388B-B3A4-4A07-B58E-9AE806F8A729}.Ad-Hoc|x86.Deploy.0 = Release|x86
		{E8AD388B-B3A4-4A07-B58E-9AE806F8A729}.AppStore|Any CPU.ActiveCfg = Release|Any CPU
		{E8AD388B-B3A4-4A07-B58E-9AE806F8A729}.AppStore|Any CPU.Build.0 = Release|Any CPU
		{E8AD388B-B3A4-4A07-B58E-9AE806F8A729}.AppStore|Any CPU.Deploy.0 = Release|Any CPU
		{E8AD388B-B3A4-4A07-B58E-9AE806F8A729}.AppStore|ARM.ActiveCfg = Release|ARM
		{E8AD388B-B3A4-4A07-B58E-9AE806F8A729}.AppStore|ARM.Build.0 = Release|ARM
		{E8AD388B-B3A4-4A07-B58E-9AE806F8A729}.AppStore|ARM.Deploy.0 = Release|ARM
		{E8AD388B-B3A4-4A07-B58E-9AE806F8A729}.AppStore|iPhone.ActiveCfg = Release|Any CPU
		{E8AD388B-B3A4-4A07-B58E-9AE806F8A729}.AppStore|iPhone.Build.0 = Release|Any CPU
		{E8AD388B-B3A4-4A07-B58E-9AE806F8A729}.AppStore|iPhone.Deploy.0 = Release|Any CPU
		{E8AD388B-B3A4-4A07-B58E-9AE806F8A729}.AppStore|iPhoneSimulator.ActiveCfg = Release|Any CPU
		{E8AD388B-B3A4-4A07-B58E-9AE806F8A729}.AppStore|iPhoneSimulator.Build.0 = Release|Any CPU
		{E8AD388B-B3A4-4A07-B58E-9AE806F8A729}.AppStore|iPhoneSimulator.Deploy.0 = Release|Any CPU
		{E8AD388B-B3A4-4A07-B58E-9AE806F8A729}.AppStore|x64.ActiveCfg = Release|Any CPU
		{E8AD388B-B3A4-4A07-B58E-9AE806F8A729}.AppStore|x64.Build.0 = Release|Any CPU
		{E8AD388B-B3A4-4A07-B58E-9AE806F8A729}.AppStore|x64.Deploy.0 = Release|Any CPU
		{E8AD388B-B3A4-4A07-B58E-9AE806F8A729}.AppStore|x86.ActiveCfg = Release|x86
		{E8AD388B-B3A4-4A07-B58E-9AE806F8A729}.AppStore|x86.Build.0 = Release|x86
		{E8AD388B-B3A4-4A07-B58E-9AE806F8A729}.AppStore|x86.Deploy.0 = Release|x86
		{E8AD388B-B3A4-4A07-B58E-9AE806F8A729}.Debug|Any CPU.ActiveCfg = Debug|Any CPU
		{E8AD388B-B3A4-4A07-B58E-9AE806F8A729}.Debug|Any CPU.Build.0 = Debug|Any CPU
		{E8AD388B-B3A4-4A07-B58E-9AE806F8A729}.Debug|Any CPU.Deploy.0 = Debug|Any CPU
		{E8AD388B-B3A4-4A07-B58E-9AE806F8A729}.Debug|ARM.ActiveCfg = Debug|ARM
		{E8AD388B-B3A4-4A07-B58E-9AE806F8A729}.Debug|ARM.Build.0 = Debug|ARM
		{E8AD388B-B3A4-4A07-B58E-9AE806F8A729}.Debug|ARM.Deploy.0 = Debug|ARM
		{E8AD388B-B3A4-4A07-B58E-9AE806F8A729}.Debug|iPhone.ActiveCfg = Debug|Any CPU
		{E8AD388B-B3A4-4A07-B58E-9AE806F8A729}.Debug|iPhone.Build.0 = Debug|Any CPU
		{E8AD388B-B3A4-4A07-B58E-9AE806F8A729}.Debug|iPhone.Deploy.0 = Debug|Any CPU
		{E8AD388B-B3A4-4A07-B58E-9AE806F8A729}.Debug|iPhoneSimulator.ActiveCfg = Debug|Any CPU
		{E8AD388B-B3A4-4A07-B58E-9AE806F8A729}.Debug|iPhoneSimulator.Build.0 = Debug|Any CPU
		{E8AD388B-B3A4-4A07-B58E-9AE806F8A729}.Debug|iPhoneSimulator.Deploy.0 = Debug|Any CPU
		{E8AD388B-B3A4-4A07-B58E-9AE806F8A729}.Debug|x64.ActiveCfg = Debug|Any CPU
		{E8AD388B-B3A4-4A07-B58E-9AE806F8A729}.Debug|x64.Build.0 = Debug|Any CPU
		{E8AD388B-B3A4-4A07-B58E-9AE806F8A729}.Debug|x64.Deploy.0 = Debug|Any CPU
		{E8AD388B-B3A4-4A07-B58E-9AE806F8A729}.Debug|x86.ActiveCfg = Debug|x86
		{E8AD388B-B3A4-4A07-B58E-9AE806F8A729}.Debug|x86.Build.0 = Debug|x86
		{E8AD388B-B3A4-4A07-B58E-9AE806F8A729}.Debug|x86.Deploy.0 = Debug|x86
		{E8AD388B-B3A4-4A07-B58E-9AE806F8A729}.Release|Any CPU.ActiveCfg = Release|Any CPU
		{E8AD388B-B3A4-4A07-B58E-9AE806F8A729}.Release|Any CPU.Build.0 = Release|Any CPU
		{E8AD388B-B3A4-4A07-B58E-9AE806F8A729}.Release|Any CPU.Deploy.0 = Release|Any CPU
		{E8AD388B-B3A4-4A07-B58E-9AE806F8A729}.Release|ARM.ActiveCfg = Release|ARM
		{E8AD388B-B3A4-4A07-B58E-9AE806F8A729}.Release|ARM.Build.0 = Release|ARM
		{E8AD388B-B3A4-4A07-B58E-9AE806F8A729}.Release|ARM.Deploy.0 = Release|ARM
		{E8AD388B-B3A4-4A07-B58E-9AE806F8A729}.Release|iPhone.ActiveCfg = Release|Any CPU
		{E8AD388B-B3A4-4A07-B58E-9AE806F8A729}.Release|iPhone.Build.0 = Release|Any CPU
		{E8AD388B-B3A4-4A07-B58E-9AE806F8A729}.Release|iPhone.Deploy.0 = Release|Any CPU
		{E8AD388B-B3A4-4A07-B58E-9AE806F8A729}.Release|iPhoneSimulator.ActiveCfg = Release|Any CPU
		{E8AD388B-B3A4-4A07-B58E-9AE806F8A729}.Release|iPhoneSimulator.Build.0 = Release|Any CPU
		{E8AD388B-B3A4-4A07-B58E-9AE806F8A729}.Release|iPhoneSimulator.Deploy.0 = Release|Any CPU
		{E8AD388B-B3A4-4A07-B58E-9AE806F8A729}.Release|x64.ActiveCfg = Release|Any CPU
		{E8AD388B-B3A4-4A07-B58E-9AE806F8A729}.Release|x64.Build.0 = Release|Any CPU
		{E8AD388B-B3A4-4A07-B58E-9AE806F8A729}.Release|x64.Deploy.0 = Release|Any CPU
		{E8AD388B-B3A4-4A07-B58E-9AE806F8A729}.Release|x86.ActiveCfg = Release|x86
		{E8AD388B-B3A4-4A07-B58E-9AE806F8A729}.Release|x86.Build.0 = Release|x86
		{E8AD388B-B3A4-4A07-B58E-9AE806F8A729}.Release|x86.Deploy.0 = Release|x86
		{BD89DB6C-C50E-40CA-BC38-053D5DFC905F}.Ad-Hoc|Any CPU.ActiveCfg = Release|x86
		{BD89DB6C-C50E-40CA-BC38-053D5DFC905F}.Ad-Hoc|Any CPU.Build.0 = Release|x86
		{BD89DB6C-C50E-40CA-BC38-053D5DFC905F}.Ad-Hoc|Any CPU.Deploy.0 = Release|x86
		{BD89DB6C-C50E-40CA-BC38-053D5DFC905F}.Ad-Hoc|ARM.ActiveCfg = Release|ARM
		{BD89DB6C-C50E-40CA-BC38-053D5DFC905F}.Ad-Hoc|ARM.Build.0 = Release|ARM
		{BD89DB6C-C50E-40CA-BC38-053D5DFC905F}.Ad-Hoc|ARM.Deploy.0 = Release|ARM
		{BD89DB6C-C50E-40CA-BC38-053D5DFC905F}.Ad-Hoc|iPhone.ActiveCfg = Release|x86
		{BD89DB6C-C50E-40CA-BC38-053D5DFC905F}.Ad-Hoc|iPhone.Build.0 = Release|x86
		{BD89DB6C-C50E-40CA-BC38-053D5DFC905F}.Ad-Hoc|iPhone.Deploy.0 = Release|x86
		{BD89DB6C-C50E-40CA-BC38-053D5DFC905F}.Ad-Hoc|iPhoneSimulator.ActiveCfg = Release|x86
		{BD89DB6C-C50E-40CA-BC38-053D5DFC905F}.Ad-Hoc|iPhoneSimulator.Build.0 = Release|x86
		{BD89DB6C-C50E-40CA-BC38-053D5DFC905F}.Ad-Hoc|iPhoneSimulator.Deploy.0 = Release|x86
		{BD89DB6C-C50E-40CA-BC38-053D5DFC905F}.Ad-Hoc|x64.ActiveCfg = Release|x64
		{BD89DB6C-C50E-40CA-BC38-053D5DFC905F}.Ad-Hoc|x64.Build.0 = Release|x64
		{BD89DB6C-C50E-40CA-BC38-053D5DFC905F}.Ad-Hoc|x64.Deploy.0 = Release|x64
		{BD89DB6C-C50E-40CA-BC38-053D5DFC905F}.Ad-Hoc|x86.ActiveCfg = Release|x86
		{BD89DB6C-C50E-40CA-BC38-053D5DFC905F}.Ad-Hoc|x86.Build.0 = Release|x86
		{BD89DB6C-C50E-40CA-BC38-053D5DFC905F}.Ad-Hoc|x86.Deploy.0 = Release|x86
		{BD89DB6C-C50E-40CA-BC38-053D5DFC905F}.AppStore|Any CPU.ActiveCfg = Release|x86
		{BD89DB6C-C50E-40CA-BC38-053D5DFC905F}.AppStore|Any CPU.Build.0 = Release|x86
		{BD89DB6C-C50E-40CA-BC38-053D5DFC905F}.AppStore|Any CPU.Deploy.0 = Release|x86
		{BD89DB6C-C50E-40CA-BC38-053D5DFC905F}.AppStore|ARM.ActiveCfg = Release|ARM
		{BD89DB6C-C50E-40CA-BC38-053D5DFC905F}.AppStore|ARM.Build.0 = Release|ARM
		{BD89DB6C-C50E-40CA-BC38-053D5DFC905F}.AppStore|ARM.Deploy.0 = Release|ARM
		{BD89DB6C-C50E-40CA-BC38-053D5DFC905F}.AppStore|iPhone.ActiveCfg = Release|x86
		{BD89DB6C-C50E-40CA-BC38-053D5DFC905F}.AppStore|iPhone.Build.0 = Release|x86
		{BD89DB6C-C50E-40CA-BC38-053D5DFC905F}.AppStore|iPhone.Deploy.0 = Release|x86
		{BD89DB6C-C50E-40CA-BC38-053D5DFC905F}.AppStore|iPhoneSimulator.ActiveCfg = Release|x86
		{BD89DB6C-C50E-40CA-BC38-053D5DFC905F}.AppStore|iPhoneSimulator.Build.0 = Release|x86
		{BD89DB6C-C50E-40CA-BC38-053D5DFC905F}.AppStore|iPhoneSimulator.Deploy.0 = Release|x86
		{BD89DB6C-C50E-40CA-BC38-053D5DFC905F}.AppStore|x64.ActiveCfg = Release|x64
		{BD89DB6C-C50E-40CA-BC38-053D5DFC905F}.AppStore|x64.Build.0 = Release|x64
		{BD89DB6C-C50E-40CA-BC38-053D5DFC905F}.AppStore|x64.Deploy.0 = Release|x64
		{BD89DB6C-C50E-40CA-BC38-053D5DFC905F}.AppStore|x86.ActiveCfg = Release|x86
		{BD89DB6C-C50E-40CA-BC38-053D5DFC905F}.AppStore|x86.Build.0 = Release|x86
		{BD89DB6C-C50E-40CA-BC38-053D5DFC905F}.AppStore|x86.Deploy.0 = Release|x86
		{BD89DB6C-C50E-40CA-BC38-053D5DFC905F}.Debug|Any CPU.ActiveCfg = Debug|x86
		{BD89DB6C-C50E-40CA-BC38-053D5DFC905F}.Debug|ARM.ActiveCfg = Debug|ARM
		{BD89DB6C-C50E-40CA-BC38-053D5DFC905F}.Debug|ARM.Build.0 = Debug|ARM
		{BD89DB6C-C50E-40CA-BC38-053D5DFC905F}.Debug|ARM.Deploy.0 = Debug|ARM
		{BD89DB6C-C50E-40CA-BC38-053D5DFC905F}.Debug|iPhone.ActiveCfg = Debug|x86
		{BD89DB6C-C50E-40CA-BC38-053D5DFC905F}.Debug|iPhoneSimulator.ActiveCfg = Debug|x86
		{BD89DB6C-C50E-40CA-BC38-053D5DFC905F}.Debug|x64.ActiveCfg = Debug|x64
		{BD89DB6C-C50E-40CA-BC38-053D5DFC905F}.Debug|x64.Build.0 = Debug|x64
		{BD89DB6C-C50E-40CA-BC38-053D5DFC905F}.Debug|x64.Deploy.0 = Debug|x64
		{BD89DB6C-C50E-40CA-BC38-053D5DFC905F}.Debug|x86.ActiveCfg = Debug|x86
		{BD89DB6C-C50E-40CA-BC38-053D5DFC905F}.Debug|x86.Build.0 = Debug|x86
		{BD89DB6C-C50E-40CA-BC38-053D5DFC905F}.Debug|x86.Deploy.0 = Debug|x86
		{BD89DB6C-C50E-40CA-BC38-053D5DFC905F}.Release|Any CPU.ActiveCfg = Release|x86
		{BD89DB6C-C50E-40CA-BC38-053D5DFC905F}.Release|ARM.ActiveCfg = Release|ARM
		{BD89DB6C-C50E-40CA-BC38-053D5DFC905F}.Release|ARM.Build.0 = Release|ARM
		{BD89DB6C-C50E-40CA-BC38-053D5DFC905F}.Release|ARM.Deploy.0 = Release|ARM
		{BD89DB6C-C50E-40CA-BC38-053D5DFC905F}.Release|iPhone.ActiveCfg = Release|x86
		{BD89DB6C-C50E-40CA-BC38-053D5DFC905F}.Release|iPhoneSimulator.ActiveCfg = Release|x86
		{BD89DB6C-C50E-40CA-BC38-053D5DFC905F}.Release|x64.ActiveCfg = Release|x64
		{BD89DB6C-C50E-40CA-BC38-053D5DFC905F}.Release|x64.Build.0 = Release|x64
		{BD89DB6C-C50E-40CA-BC38-053D5DFC905F}.Release|x64.Deploy.0 = Release|x64
		{BD89DB6C-C50E-40CA-BC38-053D5DFC905F}.Release|x86.ActiveCfg = Release|x86
		{BD89DB6C-C50E-40CA-BC38-053D5DFC905F}.Release|x86.Build.0 = Release|x86
		{BD89DB6C-C50E-40CA-BC38-053D5DFC905F}.Release|x86.Deploy.0 = Release|x86
		{3D016FAD-C76C-4E7F-9FC7-58DBD0415AAF}.Ad-Hoc|Any CPU.ActiveCfg = Release|Any CPU
		{3D016FAD-C76C-4E7F-9FC7-58DBD0415AAF}.Ad-Hoc|Any CPU.Build.0 = Release|Any CPU
		{3D016FAD-C76C-4E7F-9FC7-58DBD0415AAF}.Ad-Hoc|Any CPU.Deploy.0 = Release|Any CPU
		{3D016FAD-C76C-4E7F-9FC7-58DBD0415AAF}.Ad-Hoc|ARM.ActiveCfg = Release|ARM
		{3D016FAD-C76C-4E7F-9FC7-58DBD0415AAF}.Ad-Hoc|ARM.Build.0 = Release|ARM
		{3D016FAD-C76C-4E7F-9FC7-58DBD0415AAF}.Ad-Hoc|ARM.Deploy.0 = Release|ARM
		{3D016FAD-C76C-4E7F-9FC7-58DBD0415AAF}.Ad-Hoc|iPhone.ActiveCfg = Release|Any CPU
		{3D016FAD-C76C-4E7F-9FC7-58DBD0415AAF}.Ad-Hoc|iPhone.Build.0 = Release|Any CPU
		{3D016FAD-C76C-4E7F-9FC7-58DBD0415AAF}.Ad-Hoc|iPhone.Deploy.0 = Release|Any CPU
		{3D016FAD-C76C-4E7F-9FC7-58DBD0415AAF}.Ad-Hoc|iPhoneSimulator.ActiveCfg = Release|Any CPU
		{3D016FAD-C76C-4E7F-9FC7-58DBD0415AAF}.Ad-Hoc|iPhoneSimulator.Build.0 = Release|Any CPU
		{3D016FAD-C76C-4E7F-9FC7-58DBD0415AAF}.Ad-Hoc|iPhoneSimulator.Deploy.0 = Release|Any CPU
		{3D016FAD-C76C-4E7F-9FC7-58DBD0415AAF}.Ad-Hoc|x64.ActiveCfg = Release|x64
		{3D016FAD-C76C-4E7F-9FC7-58DBD0415AAF}.Ad-Hoc|x64.Build.0 = Release|x64
		{3D016FAD-C76C-4E7F-9FC7-58DBD0415AAF}.Ad-Hoc|x64.Deploy.0 = Release|x64
		{3D016FAD-C76C-4E7F-9FC7-58DBD0415AAF}.Ad-Hoc|x86.ActiveCfg = Release|x86
		{3D016FAD-C76C-4E7F-9FC7-58DBD0415AAF}.Ad-Hoc|x86.Build.0 = Release|x86
		{3D016FAD-C76C-4E7F-9FC7-58DBD0415AAF}.Ad-Hoc|x86.Deploy.0 = Release|x86
		{3D016FAD-C76C-4E7F-9FC7-58DBD0415AAF}.AppStore|Any CPU.ActiveCfg = Release|Any CPU
		{3D016FAD-C76C-4E7F-9FC7-58DBD0415AAF}.AppStore|Any CPU.Build.0 = Release|Any CPU
		{3D016FAD-C76C-4E7F-9FC7-58DBD0415AAF}.AppStore|Any CPU.Deploy.0 = Release|Any CPU
		{3D016FAD-C76C-4E7F-9FC7-58DBD0415AAF}.AppStore|ARM.ActiveCfg = Release|ARM
		{3D016FAD-C76C-4E7F-9FC7-58DBD0415AAF}.AppStore|ARM.Build.0 = Release|ARM
		{3D016FAD-C76C-4E7F-9FC7-58DBD0415AAF}.AppStore|ARM.Deploy.0 = Release|ARM
		{3D016FAD-C76C-4E7F-9FC7-58DBD0415AAF}.AppStore|iPhone.ActiveCfg = Release|Any CPU
		{3D016FAD-C76C-4E7F-9FC7-58DBD0415AAF}.AppStore|iPhone.Build.0 = Release|Any CPU
		{3D016FAD-C76C-4E7F-9FC7-58DBD0415AAF}.AppStore|iPhone.Deploy.0 = Release|Any CPU
		{3D016FAD-C76C-4E7F-9FC7-58DBD0415AAF}.AppStore|iPhoneSimulator.ActiveCfg = Release|Any CPU
		{3D016FAD-C76C-4E7F-9FC7-58DBD0415AAF}.AppStore|iPhoneSimulator.Build.0 = Release|Any CPU
		{3D016FAD-C76C-4E7F-9FC7-58DBD0415AAF}.AppStore|iPhoneSimulator.Deploy.0 = Release|Any CPU
		{3D016FAD-C76C-4E7F-9FC7-58DBD0415AAF}.AppStore|x64.ActiveCfg = Release|x64
		{3D016FAD-C76C-4E7F-9FC7-58DBD0415AAF}.AppStore|x64.Build.0 = Release|x64
		{3D016FAD-C76C-4E7F-9FC7-58DBD0415AAF}.AppStore|x64.Deploy.0 = Release|x64
		{3D016FAD-C76C-4E7F-9FC7-58DBD0415AAF}.AppStore|x86.ActiveCfg = Release|x86
		{3D016FAD-C76C-4E7F-9FC7-58DBD0415AAF}.AppStore|x86.Build.0 = Release|x86
		{3D016FAD-C76C-4E7F-9FC7-58DBD0415AAF}.AppStore|x86.Deploy.0 = Release|x86
		{3D016FAD-C76C-4E7F-9FC7-58DBD0415AAF}.Debug|Any CPU.ActiveCfg = Debug|Any CPU
		{3D016FAD-C76C-4E7F-9FC7-58DBD0415AAF}.Debug|Any CPU.Build.0 = Debug|Any CPU
		{3D016FAD-C76C-4E7F-9FC7-58DBD0415AAF}.Debug|Any CPU.Deploy.0 = Debug|Any CPU
		{3D016FAD-C76C-4E7F-9FC7-58DBD0415AAF}.Debug|ARM.ActiveCfg = Debug|ARM
		{3D016FAD-C76C-4E7F-9FC7-58DBD0415AAF}.Debug|ARM.Build.0 = Debug|ARM
		{3D016FAD-C76C-4E7F-9FC7-58DBD0415AAF}.Debug|ARM.Deploy.0 = Debug|ARM
		{3D016FAD-C76C-4E7F-9FC7-58DBD0415AAF}.Debug|iPhone.ActiveCfg = Debug|Any CPU
		{3D016FAD-C76C-4E7F-9FC7-58DBD0415AAF}.Debug|iPhone.Build.0 = Debug|Any CPU
		{3D016FAD-C76C-4E7F-9FC7-58DBD0415AAF}.Debug|iPhone.Deploy.0 = Debug|Any CPU
		{3D016FAD-C76C-4E7F-9FC7-58DBD0415AAF}.Debug|iPhoneSimulator.ActiveCfg = Debug|Any CPU
		{3D016FAD-C76C-4E7F-9FC7-58DBD0415AAF}.Debug|iPhoneSimulator.Build.0 = Debug|Any CPU
		{3D016FAD-C76C-4E7F-9FC7-58DBD0415AAF}.Debug|iPhoneSimulator.Deploy.0 = Debug|Any CPU
		{3D016FAD-C76C-4E7F-9FC7-58DBD0415AAF}.Debug|x64.ActiveCfg = Debug|x64
		{3D016FAD-C76C-4E7F-9FC7-58DBD0415AAF}.Debug|x64.Build.0 = Debug|x64
		{3D016FAD-C76C-4E7F-9FC7-58DBD0415AAF}.Debug|x64.Deploy.0 = Debug|x64
		{3D016FAD-C76C-4E7F-9FC7-58DBD0415AAF}.Debug|x86.ActiveCfg = Debug|x86
		{3D016FAD-C76C-4E7F-9FC7-58DBD0415AAF}.Debug|x86.Build.0 = Debug|x86
		{3D016FAD-C76C-4E7F-9FC7-58DBD0415AAF}.Debug|x86.Deploy.0 = Debug|x86
		{3D016FAD-C76C-4E7F-9FC7-58DBD0415AAF}.Release|Any CPU.ActiveCfg = Release|Any CPU
		{3D016FAD-C76C-4E7F-9FC7-58DBD0415AAF}.Release|Any CPU.Build.0 = Release|Any CPU
		{3D016FAD-C76C-4E7F-9FC7-58DBD0415AAF}.Release|Any CPU.Deploy.0 = Release|Any CPU
		{3D016FAD-C76C-4E7F-9FC7-58DBD0415AAF}.Release|ARM.ActiveCfg = Release|ARM
		{3D016FAD-C76C-4E7F-9FC7-58DBD0415AAF}.Release|ARM.Build.0 = Release|ARM
		{3D016FAD-C76C-4E7F-9FC7-58DBD0415AAF}.Release|ARM.Deploy.0 = Release|ARM
		{3D016FAD-C76C-4E7F-9FC7-58DBD0415AAF}.Release|iPhone.ActiveCfg = Release|Any CPU
		{3D016FAD-C76C-4E7F-9FC7-58DBD0415AAF}.Release|iPhone.Build.0 = Release|Any CPU
		{3D016FAD-C76C-4E7F-9FC7-58DBD0415AAF}.Release|iPhone.Deploy.0 = Release|Any CPU
		{3D016FAD-C76C-4E7F-9FC7-58DBD0415AAF}.Release|iPhoneSimulator.ActiveCfg = Release|Any CPU
		{3D016FAD-C76C-4E7F-9FC7-58DBD0415AAF}.Release|iPhoneSimulator.Build.0 = Release|Any CPU
		{3D016FAD-C76C-4E7F-9FC7-58DBD0415AAF}.Release|iPhoneSimulator.Deploy.0 = Release|Any CPU
		{3D016FAD-C76C-4E7F-9FC7-58DBD0415AAF}.Release|x64.ActiveCfg = Release|x64
		{3D016FAD-C76C-4E7F-9FC7-58DBD0415AAF}.Release|x64.Build.0 = Release|x64
		{3D016FAD-C76C-4E7F-9FC7-58DBD0415AAF}.Release|x64.Deploy.0 = Release|x64
		{3D016FAD-C76C-4E7F-9FC7-58DBD0415AAF}.Release|x86.ActiveCfg = Release|x86
		{3D016FAD-C76C-4E7F-9FC7-58DBD0415AAF}.Release|x86.Build.0 = Release|x86
		{3D016FAD-C76C-4E7F-9FC7-58DBD0415AAF}.Release|x86.Deploy.0 = Release|x86
	EndGlobalSection
	GlobalSection(SolutionProperties) = preSolution
		HideSolutionNode = FALSE
	EndGlobalSection
EndGlobal
